// !$*UTF8*$!
{
	archiveVersion = 1;
	classes = {
	};
	objectVersion = 56;
	objects = {

/* Begin PBXBuildFile section */
		6377FB1E29CC775300572FF6 /* LoginView.swift in Sources */ = {isa = PBXBuildFile; fileRef = 6377FB1D29CC775300572FF6 /* LoginView.swift */; };
		6377FB2229CC7D7200572FF6 /* GoogleService-Info.plist in Resources */ = {isa = PBXBuildFile; fileRef = 6377FB2129CC7D7200572FF6 /* GoogleService-Info.plist */; };
		6377FB2529CC7E1200572FF6 /* FirebaseAuth in Frameworks */ = {isa = PBXBuildFile; productRef = 6377FB2429CC7E1200572FF6 /* FirebaseAuth */; };
		6377FB2829CC7E2C00572FF6 /* AppDelegate.swift in Sources */ = {isa = PBXBuildFile; fileRef = 6377FB2729CC7E2C00572FF6 /* AppDelegate.swift */; };
		6377FB2B29CC805600572FF6 /* GoogleSignIn in Frameworks */ = {isa = PBXBuildFile; productRef = 6377FB2A29CC805600572FF6 /* GoogleSignIn */; };
		6377FB2D29CC805600572FF6 /* GoogleSignInSwift in Frameworks */ = {isa = PBXBuildFile; productRef = 6377FB2C29CC805600572FF6 /* GoogleSignInSwift */; };
		6377FB3029CC846A00572FF6 /* View+Extension.swift in Sources */ = {isa = PBXBuildFile; fileRef = 6377FB2F29CC846A00572FF6 /* View+Extension.swift */; };
		6377FB3229CC8DD600572FF6 /* FireAuth.swift in Sources */ = {isa = PBXBuildFile; fileRef = 6377FB3129CC8DD600572FF6 /* FireAuth.swift */; };
		6377FB3529CCA18600572FF6 /* DetailView.swift in Sources */ = {isa = PBXBuildFile; fileRef = 6377FB3429CCA18600572FF6 /* DetailView.swift */; };
		63D9520529C3525500D522C6 /* Football_API_2023App.swift in Sources */ = {isa = PBXBuildFile; fileRef = 63D9520429C3525500D522C6 /* Football_API_2023App.swift */; };
		63D9520729C3525500D522C6 /* ContentView.swift in Sources */ = {isa = PBXBuildFile; fileRef = 63D9520629C3525500D522C6 /* ContentView.swift */; };
		63D9520929C3525600D522C6 /* Assets.xcassets in Resources */ = {isa = PBXBuildFile; fileRef = 63D9520829C3525600D522C6 /* Assets.xcassets */; };
		63D9520C29C3525600D522C6 /* Preview Assets.xcassets in Resources */ = {isa = PBXBuildFile; fileRef = 63D9520B29C3525600D522C6 /* Preview Assets.xcassets */; };
		63D9521329C355AC00D522C6 /* StandingsViewModel.swift in Sources */ = {isa = PBXBuildFile; fileRef = 63D9521229C355AC00D522C6 /* StandingsViewModel.swift */; };
		63D9521729C4628000D522C6 /* ResultModel.swift in Sources */ = {isa = PBXBuildFile; fileRef = 63D9521629C4628000D522C6 /* ResultModel.swift */; };
		63D9521929C48C1700D522C6 /* ImageDownloadView.swift in Sources */ = {isa = PBXBuildFile; fileRef = 63D9521829C48C1700D522C6 /* ImageDownloadView.swift */; };
		63D9521E29C490C600D522C6 /* ImageDownloadViewModel.swift in Sources */ = {isa = PBXBuildFile; fileRef = 63D9521D29C490C600D522C6 /* ImageDownloadViewModel.swift */; };
		63D9524329C851D700D522C6 /* SDWebImageSwiftUI in Frameworks */ = {isa = PBXBuildFile; productRef = 63D9524229C851D700D522C6 /* SDWebImageSwiftUI */; };
/* End PBXBuildFile section */

/* Begin PBXFileReference section */
		6377FB1D29CC775300572FF6 /* LoginView.swift */ = {isa = PBXFileReference; lastKnownFileType = sourcecode.swift; path = LoginView.swift; sourceTree = "<group>"; };
		6377FB2129CC7D7200572FF6 /* GoogleService-Info.plist */ = {isa = PBXFileReference; lastKnownFileType = text.plist.xml; name = "GoogleService-Info.plist"; path = "Football-API-2023/GoogleService-Info.plist"; sourceTree = SOURCE_ROOT; };
		6377FB2729CC7E2C00572FF6 /* AppDelegate.swift */ = {isa = PBXFileReference; lastKnownFileType = sourcecode.swift; path = AppDelegate.swift; sourceTree = "<group>"; };
		6377FB2E29CC80C500572FF6 /* Info.plist */ = {isa = PBXFileReference; lastKnownFileType = text.plist; path = Info.plist; sourceTree = "<group>"; };
		6377FB2F29CC846A00572FF6 /* View+Extension.swift */ = {isa = PBXFileReference; lastKnownFileType = sourcecode.swift; path = "View+Extension.swift"; sourceTree = "<group>"; };
		6377FB3129CC8DD600572FF6 /* FireAuth.swift */ = {isa = PBXFileReference; lastKnownFileType = sourcecode.swift; path = FireAuth.swift; sourceTree = "<group>"; };
		6377FB3429CCA18600572FF6 /* DetailView.swift */ = {isa = PBXFileReference; lastKnownFileType = sourcecode.swift; path = DetailView.swift; sourceTree = "<group>"; };
		63D9520129C3525500D522C6 /* Football-API-2023.app */ = {isa = PBXFileReference; explicitFileType = wrapper.application; includeInIndex = 0; path = "Football-API-2023.app"; sourceTree = BUILT_PRODUCTS_DIR; };
		63D9520429C3525500D522C6 /* Football_API_2023App.swift */ = {isa = PBXFileReference; lastKnownFileType = sourcecode.swift; path = Football_API_2023App.swift; sourceTree = "<group>"; };
		63D9520629C3525500D522C6 /* ContentView.swift */ = {isa = PBXFileReference; lastKnownFileType = sourcecode.swift; path = ContentView.swift; sourceTree = "<group>"; };
		63D9520829C3525600D522C6 /* Assets.xcassets */ = {isa = PBXFileReference; lastKnownFileType = folder.assetcatalog; path = Assets.xcassets; sourceTree = "<group>"; };
		63D9520B29C3525600D522C6 /* Preview Assets.xcassets */ = {isa = PBXFileReference; lastKnownFileType = folder.assetcatalog; path = "Preview Assets.xcassets"; sourceTree = "<group>"; };
		63D9521229C355AC00D522C6 /* StandingsViewModel.swift */ = {isa = PBXFileReference; lastKnownFileType = sourcecode.swift; path = StandingsViewModel.swift; sourceTree = "<group>"; };
		63D9521629C4628000D522C6 /* ResultModel.swift */ = {isa = PBXFileReference; lastKnownFileType = sourcecode.swift; path = ResultModel.swift; sourceTree = "<group>"; };
		63D9521829C48C1700D522C6 /* ImageDownloadView.swift */ = {isa = PBXFileReference; lastKnownFileType = sourcecode.swift; path = ImageDownloadView.swift; sourceTree = "<group>"; };
		63D9521D29C490C600D522C6 /* ImageDownloadViewModel.swift */ = {isa = PBXFileReference; lastKnownFileType = sourcecode.swift; path = ImageDownloadViewModel.swift; sourceTree = "<group>"; };
/* End PBXFileReference section */

/* Begin PBXFrameworksBuildPhase section */
		63D951FE29C3525500D522C6 /* Frameworks */ = {
			isa = PBXFrameworksBuildPhase;
			buildActionMask = 2147483647;
			files = (
				63D9524329C851D700D522C6 /* SDWebImageSwiftUI in Frameworks */,
				6377FB2529CC7E1200572FF6 /* FirebaseAuth in Frameworks */,
				6377FB2B29CC805600572FF6 /* GoogleSignIn in Frameworks */,
				6377FB2D29CC805600572FF6 /* GoogleSignInSwift in Frameworks */,
			);
			runOnlyForDeploymentPostprocessing = 0;
		};
/* End PBXFrameworksBuildPhase section */

/* Begin PBXGroup section */
		6377FB2629CC7E1A00572FF6 /* Helper */ = {
			isa = PBXGroup;
			children = (
				6377FB2729CC7E2C00572FF6 /* AppDelegate.swift */,
				6377FB2F29CC846A00572FF6 /* View+Extension.swift */,
				6377FB3129CC8DD600572FF6 /* FireAuth.swift */,
			);
			path = Helper;
			sourceTree = "<group>";
		};
		6377FB3329CCA14800572FF6 /* View */ = {
			isa = PBXGroup;
			children = (
				63D9521829C48C1700D522C6 /* ImageDownloadView.swift */,
				63D9520629C3525500D522C6 /* ContentView.swift */,
				6377FB3429CCA18600572FF6 /* DetailView.swift */,
				6377FB1D29CC775300572FF6 /* LoginView.swift */,
			);
			path = View;
			sourceTree = "<group>";
		};
		63D951F829C3525500D522C6 = {
			isa = PBXGroup;
			children = (
				63D9520329C3525500D522C6 /* Football-API-2023 */,
				63D9520229C3525500D522C6 /* Products */,
			);
			sourceTree = "<group>";
		};
		63D9520229C3525500D522C6 /* Products */ = {
			isa = PBXGroup;
			children = (
				63D9520129C3525500D522C6 /* Football-API-2023.app */,
			);
			name = Products;
			sourceTree = "<group>";
		};
		63D9520329C3525500D522C6 /* Football-API-2023 */ = {
			isa = PBXGroup;
			children = (
				6377FB2E29CC80C500572FF6 /* Info.plist */,
				6377FB3329CCA14800572FF6 /* View */,
				6377FB2629CC7E1A00572FF6 /* Helper */,
				63D9520429C3525500D522C6 /* Football_API_2023App.swift */,
				63D9521A29C490A800D522C6 /* ViewModels */,
				63D9521629C4628000D522C6 /* ResultModel.swift */,
				63D9520829C3525600D522C6 /* Assets.xcassets */,
				6377FB2129CC7D7200572FF6 /* GoogleService-Info.plist */,
				63D9520A29C3525600D522C6 /* Preview Content */,
			);
			path = "Football-API-2023";
			sourceTree = "<group>";
		};
		63D9520A29C3525600D522C6 /* Preview Content */ = {
			isa = PBXGroup;
			children = (
				63D9520B29C3525600D522C6 /* Preview Assets.xcassets */,
			);
			path = "Preview Content";
			sourceTree = "<group>";
		};
		63D9521A29C490A800D522C6 /* ViewModels */ = {
			isa = PBXGroup;
			children = (
				63D9521229C355AC00D522C6 /* StandingsViewModel.swift */,
				63D9521D29C490C600D522C6 /* ImageDownloadViewModel.swift */,
			);
			path = ViewModels;
			sourceTree = "<group>";
		};
/* End PBXGroup section */

/* Begin PBXNativeTarget section */
		63D9520029C3525500D522C6 /* Football-API-2023 */ = {
			isa = PBXNativeTarget;
			buildConfigurationList = 63D9520F29C3525600D522C6 /* Build configuration list for PBXNativeTarget "Football-API-2023" */;
			buildPhases = (
				63D951FD29C3525500D522C6 /* Sources */,
				63D951FE29C3525500D522C6 /* Frameworks */,
				63D951FF29C3525500D522C6 /* Resources */,
			);
			buildRules = (
			);
			dependencies = (
			);
			name = "Football-API-2023";
			packageProductDependencies = (
				63D9524229C851D700D522C6 /* SDWebImageSwiftUI */,
				6377FB2429CC7E1200572FF6 /* FirebaseAuth */,
				6377FB2A29CC805600572FF6 /* GoogleSignIn */,
				6377FB2C29CC805600572FF6 /* GoogleSignInSwift */,
			);
			productName = "Football-API-2023";
			productReference = 63D9520129C3525500D522C6 /* Football-API-2023.app */;
			productType = "com.apple.product-type.application";
		};
/* End PBXNativeTarget section */

/* Begin PBXProject section */
		63D951F929C3525500D522C6 /* Project object */ = {
			isa = PBXProject;
			attributes = {
				BuildIndependentTargetsInParallel = 1;
				LastSwiftUpdateCheck = 1420;
				LastUpgradeCheck = 1420;
				TargetAttributes = {
					63D9520029C3525500D522C6 = {
						CreatedOnToolsVersion = 14.2;
					};
				};
			};
			buildConfigurationList = 63D951FC29C3525500D522C6 /* Build configuration list for PBXProject "Football-API-2023" */;
			compatibilityVersion = "Xcode 14.0";
			developmentRegion = en;
			hasScannedForEncodings = 0;
			knownRegions = (
				en,
				Base,
			);
			mainGroup = 63D951F829C3525500D522C6;
			packageReferences = (
				63D9524129C851D700D522C6 /* XCRemoteSwiftPackageReference "SDWebImageSwiftUI" */,
				6377FB2329CC7E1200572FF6 /* XCRemoteSwiftPackageReference "firebase-ios-sdk" */,
				6377FB2929CC805600572FF6 /* XCRemoteSwiftPackageReference "GoogleSignIn-iOS" */,
			);
			productRefGroup = 63D9520229C3525500D522C6 /* Products */;
			projectDirPath = "";
			projectRoot = "";
			targets = (
				63D9520029C3525500D522C6 /* Football-API-2023 */,
			);
		};
/* End PBXProject section */

/* Begin PBXResourcesBuildPhase section */
		63D951FF29C3525500D522C6 /* Resources */ = {
			isa = PBXResourcesBuildPhase;
			buildActionMask = 2147483647;
			files = (
				63D9520C29C3525600D522C6 /* Preview Assets.xcassets in Resources */,
				63D9520929C3525600D522C6 /* Assets.xcassets in Resources */,
				6377FB2229CC7D7200572FF6 /* GoogleService-Info.plist in Resources */,
			);
			runOnlyForDeploymentPostprocessing = 0;
		};
/* End PBXResourcesBuildPhase section */

/* Begin PBXSourcesBuildPhase section */
		63D951FD29C3525500D522C6 /* Sources */ = {
			isa = PBXSourcesBuildPhase;
			buildActionMask = 2147483647;
			files = (
				6377FB2829CC7E2C00572FF6 /* AppDelegate.swift in Sources */,
				6377FB3229CC8DD600572FF6 /* FireAuth.swift in Sources */,
				63D9521329C355AC00D522C6 /* StandingsViewModel.swift in Sources */,
				6377FB1E29CC775300572FF6 /* LoginView.swift in Sources */,
				63D9520729C3525500D522C6 /* ContentView.swift in Sources */,
				6377FB3529CCA18600572FF6 /* DetailView.swift in Sources */,
				63D9521729C4628000D522C6 /* ResultModel.swift in Sources */,
				63D9521E29C490C600D522C6 /* ImageDownloadViewModel.swift in Sources */,
				63D9521929C48C1700D522C6 /* ImageDownloadView.swift in Sources */,
				6377FB3029CC846A00572FF6 /* View+Extension.swift in Sources */,
				63D9520529C3525500D522C6 /* Football_API_2023App.swift in Sources */,
			);
			runOnlyForDeploymentPostprocessing = 0;
		};
/* End PBXSourcesBuildPhase section */

/* Begin XCBuildConfiguration section */
		63D9520D29C3525600D522C6 /* Debug */ = {
			isa = XCBuildConfiguration;
			buildSettings = {
				ALWAYS_SEARCH_USER_PATHS = NO;
				CLANG_ANALYZER_NONNULL = YES;
				CLANG_ANALYZER_NUMBER_OBJECT_CONVERSION = YES_AGGRESSIVE;
				CLANG_CXX_LANGUAGE_STANDARD = "gnu++20";
				CLANG_ENABLE_MODULES = YES;
				CLANG_ENABLE_OBJC_ARC = YES;
				CLANG_ENABLE_OBJC_WEAK = YES;
				CLANG_WARN_BLOCK_CAPTURE_AUTORELEASING = YES;
				CLANG_WARN_BOOL_CONVERSION = YES;
				CLANG_WARN_COMMA = YES;
				CLANG_WARN_CONSTANT_CONVERSION = YES;
				CLANG_WARN_DEPRECATED_OBJC_IMPLEMENTATIONS = YES;
				CLANG_WARN_DIRECT_OBJC_ISA_USAGE = YES_ERROR;
				CLANG_WARN_DOCUMENTATION_COMMENTS = YES;
				CLANG_WARN_EMPTY_BODY = YES;
				CLANG_WARN_ENUM_CONVERSION = YES;
				CLANG_WARN_INFINITE_RECURSION = YES;
				CLANG_WARN_INT_CONVERSION = YES;
				CLANG_WARN_NON_LITERAL_NULL_CONVERSION = YES;
				CLANG_WARN_OBJC_IMPLICIT_RETAIN_SELF = YES;
				CLANG_WARN_OBJC_LITERAL_CONVERSION = YES;
				CLANG_WARN_OBJC_ROOT_CLASS = YES_ERROR;
				CLANG_WARN_QUOTED_INCLUDE_IN_FRAMEWORK_HEADER = YES;
				CLANG_WARN_RANGE_LOOP_ANALYSIS = YES;
				CLANG_WARN_STRICT_PROTOTYPES = YES;
				CLANG_WARN_SUSPICIOUS_MOVE = YES;
				CLANG_WARN_UNGUARDED_AVAILABILITY = YES_AGGRESSIVE;
				CLANG_WARN_UNREACHABLE_CODE = YES;
				CLANG_WARN__DUPLICATE_METHOD_MATCH = YES;
				COPY_PHASE_STRIP = NO;
				DEBUG_INFORMATION_FORMAT = dwarf;
				ENABLE_STRICT_OBJC_MSGSEND = YES;
				ENABLE_TESTABILITY = YES;
				GCC_C_LANGUAGE_STANDARD = gnu11;
				GCC_DYNAMIC_NO_PIC = NO;
				GCC_NO_COMMON_BLOCKS = YES;
				GCC_OPTIMIZATION_LEVEL = 0;
				GCC_PREPROCESSOR_DEFINITIONS = (
					"DEBUG=1",
					"$(inherited)",
				);
				GCC_WARN_64_TO_32_BIT_CONVERSION = YES;
				GCC_WARN_ABOUT_RETURN_TYPE = YES_ERROR;
				GCC_WARN_UNDECLARED_SELECTOR = YES;
				GCC_WARN_UNINITIALIZED_AUTOS = YES_AGGRESSIVE;
				GCC_WARN_UNUSED_FUNCTION = YES;
				GCC_WARN_UNUSED_VARIABLE = YES;
				IPHONEOS_DEPLOYMENT_TARGET = 16.2;
				MTL_ENABLE_DEBUG_INFO = INCLUDE_SOURCE;
				MTL_FAST_MATH = YES;
				ONLY_ACTIVE_ARCH = YES;
				SDKROOT = iphoneos;
				SWIFT_ACTIVE_COMPILATION_CONDITIONS = DEBUG;
				SWIFT_OPTIMIZATION_LEVEL = "-Onone";
			};
			name = Debug;
		};
		63D9520E29C3525600D522C6 /* Release */ = {
			isa = XCBuildConfiguration;
			buildSettings = {
				ALWAYS_SEARCH_USER_PATHS = NO;
				CLANG_ANALYZER_NONNULL = YES;
				CLANG_ANALYZER_NUMBER_OBJECT_CONVERSION = YES_AGGRESSIVE;
				CLANG_CXX_LANGUAGE_STANDARD = "gnu++20";
				CLANG_ENABLE_MODULES = YES;
				CLANG_ENABLE_OBJC_ARC = YES;
				CLANG_ENABLE_OBJC_WEAK = YES;
				CLANG_WARN_BLOCK_CAPTURE_AUTORELEASING = YES;
				CLANG_WARN_BOOL_CONVERSION = YES;
				CLANG_WARN_COMMA = YES;
				CLANG_WARN_CONSTANT_CONVERSION = YES;
				CLANG_WARN_DEPRECATED_OBJC_IMPLEMENTATIONS = YES;
				CLANG_WARN_DIRECT_OBJC_ISA_USAGE = YES_ERROR;
				CLANG_WARN_DOCUMENTATION_COMMENTS = YES;
				CLANG_WARN_EMPTY_BODY = YES;
				CLANG_WARN_ENUM_CONVERSION = YES;
				CLANG_WARN_INFINITE_RECURSION = YES;
				CLANG_WARN_INT_CONVERSION = YES;
				CLANG_WARN_NON_LITERAL_NULL_CONVERSION = YES;
				CLANG_WARN_OBJC_IMPLICIT_RETAIN_SELF = YES;
				CLANG_WARN_OBJC_LITERAL_CONVERSION = YES;
				CLANG_WARN_OBJC_ROOT_CLASS = YES_ERROR;
				CLANG_WARN_QUOTED_INCLUDE_IN_FRAMEWORK_HEADER = YES;
				CLANG_WARN_RANGE_LOOP_ANALYSIS = YES;
				CLANG_WARN_STRICT_PROTOTYPES = YES;
				CLANG_WARN_SUSPICIOUS_MOVE = YES;
				CLANG_WARN_UNGUARDED_AVAILABILITY = YES_AGGRESSIVE;
				CLANG_WARN_UNREACHABLE_CODE = YES;
				CLANG_WARN__DUPLICATE_METHOD_MATCH = YES;
				COPY_PHASE_STRIP = NO;
				DEBUG_INFORMATION_FORMAT = "dwarf-with-dsym";
				ENABLE_NS_ASSERTIONS = NO;
				ENABLE_STRICT_OBJC_MSGSEND = YES;
				GCC_C_LANGUAGE_STANDARD = gnu11;
				GCC_NO_COMMON_BLOCKS = YES;
				GCC_WARN_64_TO_32_BIT_CONVERSION = YES;
				GCC_WARN_ABOUT_RETURN_TYPE = YES_ERROR;
				GCC_WARN_UNDECLARED_SELECTOR = YES;
				GCC_WARN_UNINITIALIZED_AUTOS = YES_AGGRESSIVE;
				GCC_WARN_UNUSED_FUNCTION = YES;
				GCC_WARN_UNUSED_VARIABLE = YES;
				IPHONEOS_DEPLOYMENT_TARGET = 16.2;
				MTL_ENABLE_DEBUG_INFO = NO;
				MTL_FAST_MATH = YES;
				SDKROOT = iphoneos;
				SWIFT_COMPILATION_MODE = wholemodule;
				SWIFT_OPTIMIZATION_LEVEL = "-O";
				VALIDATE_PRODUCT = YES;
			};
			name = Release;
		};
		63D9521029C3525600D522C6 /* Debug */ = {
			isa = XCBuildConfiguration;
			buildSettings = {
				ASSETCATALOG_COMPILER_APPICON_NAME = AppIcon;
				ASSETCATALOG_COMPILER_GLOBAL_ACCENT_COLOR_NAME = AccentColor;
				CODE_SIGN_STYLE = Automatic;
				CURRENT_PROJECT_VERSION = 1;
				DEVELOPMENT_ASSET_PATHS = "\"Football-API-2023/Preview Content\"";
				DEVELOPMENT_TEAM = MS2G4NWH33;
				ENABLE_PREVIEWS = YES;
				GENERATE_INFOPLIST_FILE = YES;
				INFOPLIST_FILE = "Football-API-2023/Info.plist";
				INFOPLIST_KEY_UIApplicationSceneManifest_Generation = YES;
				INFOPLIST_KEY_UIApplicationSupportsIndirectInputEvents = YES;
				INFOPLIST_KEY_UILaunchScreen_Generation = YES;
				INFOPLIST_KEY_UISupportedInterfaceOrientations_iPad = "UIInterfaceOrientationPortrait UIInterfaceOrientationPortraitUpsideDown UIInterfaceOrientationLandscapeLeft UIInterfaceOrientationLandscapeRight";
				INFOPLIST_KEY_UISupportedInterfaceOrientations_iPhone = "UIInterfaceOrientationPortrait UIInterfaceOrientationLandscapeLeft UIInterfaceOrientationLandscapeRight";
				LD_RUNPATH_SEARCH_PATHS = (
					"$(inherited)",
					"@executable_path/Frameworks",
				);
				MARKETING_VERSION = 1.0;
				PRODUCT_BUNDLE_IDENTIFIER = "edo.Football-API-2023";
				PRODUCT_NAME = "$(TARGET_NAME)";
				SWIFT_EMIT_LOC_STRINGS = YES;
				SWIFT_VERSION = 5.0;
				TARGETED_DEVICE_FAMILY = "1,2";
			};
			name = Debug;
		};
		63D9521129C3525600D522C6 /* Release */ = {
			isa = XCBuildConfiguration;
			buildSettings = {
				ASSETCATALOG_COMPILER_APPICON_NAME = AppIcon;
				ASSETCATALOG_COMPILER_GLOBAL_ACCENT_COLOR_NAME = AccentColor;
				CODE_SIGN_STYLE = Automatic;
				CURRENT_PROJECT_VERSION = 1;
				DEVELOPMENT_ASSET_PATHS = "\"Football-API-2023/Preview Content\"";
				DEVELOPMENT_TEAM = MS2G4NWH33;
				ENABLE_PREVIEWS = YES;
				GENERATE_INFOPLIST_FILE = YES;
				INFOPLIST_FILE = "Football-API-2023/Info.plist";
				INFOPLIST_KEY_UIApplicationSceneManifest_Generation = YES;
				INFOPLIST_KEY_UIApplicationSupportsIndirectInputEvents = YES;
				INFOPLIST_KEY_UILaunchScreen_Generation = YES;
				INFOPLIST_KEY_UISupportedInterfaceOrientations_iPad = "UIInterfaceOrientationPortrait UIInterfaceOrientationPortraitUpsideDown UIInterfaceOrientationLandscapeLeft UIInterfaceOrientationLandscapeRight";
				INFOPLIST_KEY_UISupportedInterfaceOrientations_iPhone = "UIInterfaceOrientationPortrait UIInterfaceOrientationLandscapeLeft UIInterfaceOrientationLandscapeRight";
				LD_RUNPATH_SEARCH_PATHS = (
					"$(inherited)",
					"@executable_path/Frameworks",
				);
				MARKETING_VERSION = 1.0;
				PRODUCT_BUNDLE_IDENTIFIER = "edo.Football-API-2023";
				PRODUCT_NAME = "$(TARGET_NAME)";
				SWIFT_EMIT_LOC_STRINGS = YES;
				SWIFT_VERSION = 5.0;
				TARGETED_DEVICE_FAMILY = "1,2";
			};
			name = Release;
		};
/* End XCBuildConfiguration section */

/* Begin XCConfigurationList section */
		63D951FC29C3525500D522C6 /* Build configuration list for PBXProject "Football-API-2023" */ = {
			isa = XCConfigurationList;
			buildConfigurations = (
				63D9520D29C3525600D522C6 /* Debug */,
				63D9520E29C3525600D522C6 /* Release */,
			);
			defaultConfigurationIsVisible = 0;
			defaultConfigurationName = Release;
		};
		63D9520F29C3525600D522C6 /* Build configuration list for PBXNativeTarget "Football-API-2023" */ = {
			isa = XCConfigurationList;
			buildConfigurations = (
				63D9521029C3525600D522C6 /* Debug */,
				63D9521129C3525600D522C6 /* Release */,
			);
			defaultConfigurationIsVisible = 0;
			defaultConfigurationName = Release;
		};
/* End XCConfigurationList section */

/* Begin XCRemoteSwiftPackageReference section */
		6377FB2329CC7E1200572FF6 /* XCRemoteSwiftPackageReference "firebase-ios-sdk" */ = {
			isa = XCRemoteSwiftPackageReference;
			repositoryURL = "https://github.com/firebase/firebase-ios-sdk";
			requirement = {
				branch = master;
				kind = branch;
			};
		};
		6377FB2929CC805600572FF6 /* XCRemoteSwiftPackageReference "GoogleSignIn-iOS" */ = {
			isa = XCRemoteSwiftPackageReference;
			repositoryURL = "https://github.com/google/GoogleSignIn-iOS.git";
			requirement = {
				kind = upToNextMajorVersion;
				minimumVersion = 7.0.0;
			};
		};
		63D9524129C851D700D522C6 /* XCRemoteSwiftPackageReference "SDWebImageSwiftUI" */ = {
			isa = XCRemoteSwiftPackageReference;
			repositoryURL = "https://github.com/SDWebImage/SDWebImageSwiftUI";
			requirement = {
				kind = upToNextMajorVersion;
				minimumVersion = 2.0.0;
			};
		};
/* End XCRemoteSwiftPackageReference section */

/* Begin XCSwiftPackageProductDependency section */
		6377FB2429CC7E1200572FF6 /* FirebaseAuth */ = {
			isa = XCSwiftPackageProductDependency;
			package = 6377FB2329CC7E1200572FF6 /* XCRemoteSwiftPackageReference "firebase-ios-sdk" */;
			productName = FirebaseAuth;
		};
		6377FB2A29CC805600572FF6 /* GoogleSignIn */ = {
			isa = XCSwiftPackageProductDependency;
			package = 6377FB2929CC805600572FF6 /* XCRemoteSwiftPackageReference "GoogleSignIn-iOS" */;
			productName = GoogleSignIn;
		};
		6377FB2C29CC805600572FF6 /* GoogleSignInSwift */ = {
			isa = XCSwiftPackageProductDependency;
			package = 6377FB2929CC805600572FF6 /* XCRemoteSwiftPackageReference "GoogleSignIn-iOS" */;
			productName = GoogleSignInSwift;
		};
		63D9524229C851D700D522C6 /* SDWebImageSwiftUI */ = {
			isa = XCSwiftPackageProductDependency;
			package = 63D9524129C851D700D522C6 /* XCRemoteSwiftPackageReference "SDWebImageSwiftUI" */;
			productName = SDWebImageSwiftUI;
		};
/* End XCSwiftPackageProductDependency section */
	};
	rootObject = 63D951F929C3525500D522C6 /* Project object */;
}
